
Microsoft Visual Studio Solution File, Format Version 12.00
# Visual Studio Version 16
VisualStudioVersion = 16.0.31005.135
MinimumVisualStudioVersion = 15.0.26124.0
Project("{2150E333-8FDC-42A3-9474-1A3956D46DE8}") = "src", "src", "{57070390-8225-4248-9F14-12AA3D499734}"
EndProject
Project("{2150E333-8FDC-42A3-9474-1A3956D46DE8}") = "tests", "tests", "{F5635A56-3B0C-463F-83D3-5E84B85A5E58}"
EndProject
Project("{9A19103F-16F7-4668-BE54-9A1E7A4F7556}") = "Observer", "src\Observer\Observer.csproj", "{BDCF748B-E350-4E09-9C00-DAFA147EB113}"
EndProject
Project("{9A19103F-16F7-4668-BE54-9A1E7A4F7556}") = "Observer.Tests.Unit", "tests\Observer.Tests.Unit\Observer.Tests.Unit.csproj", "{493AE12C-9544-4D84-85D1-2E1B74AA8782}"
EndProject
Project("{9A19103F-16F7-4668-BE54-9A1E7A4F7556}") = "Observer.Tests.Integration", "tests\Observer.Tests.Integration\Observer.Tests.Integration.csproj", "{B592330F-A594-4714-8CDB-5B1FEA5D45F1}"
EndProject
Project("{FAE04EC0-301F-11D3-BF4B-00C04F79EFBC}") = "Decorator", "src\Decorator\Decorator.csproj", "{9C9C832E-3806-47F7-AAC9-378CCB6FF17F}"
EndProject
Global
	GlobalSection(SolutionConfigurationPlatforms) = preSolution
		Debug|Any CPU = Debug|Any CPU
		Release|Any CPU = Release|Any CPU
	EndGlobalSection
	GlobalSection(ProjectConfigurationPlatforms) = postSolution
		{BDCF748B-E350-4E09-9C00-DAFA147EB113}.Debug|Any CPU.ActiveCfg = Debug|Any CPU
		{BDCF748B-E350-4E09-9C00-DAFA147EB113}.Debug|Any CPU.Build.0 = Debug|Any CPU
		{BDCF748B-E350-4E09-9C00-DAFA147EB113}.Release|Any CPU.ActiveCfg = Release|Any CPU
		{BDCF748B-E350-4E09-9C00-DAFA147EB113}.Release|Any CPU.Build.0 = Release|Any CPU
		{493AE12C-9544-4D84-85D1-2E1B74AA8782}.Debug|Any CPU.ActiveCfg = Debug|Any CPU
		{493AE12C-9544-4D84-85D1-2E1B74AA8782}.Debug|Any CPU.Build.0 = Debug|Any CPU
		{493AE12C-9544-4D84-85D1-2E1B74AA8782}.Release|Any CPU.ActiveCfg = Release|Any CPU
		{493AE12C-9544-4D84-85D1-2E1B74AA8782}.Release|Any CPU.Build.0 = Release|Any CPU
		{B592330F-A594-4714-8CDB-5B1FEA5D45F1}.Debug|Any CPU.ActiveCfg = Debug|Any CPU
		{B592330F-A594-4714-8CDB-5B1FEA5D45F1}.Debug|Any CPU.Build.0 = Debug|Any CPU
		{B592330F-A594-4714-8CDB-5B1FEA5D45F1}.Release|Any CPU.ActiveCfg = Release|Any CPU
		{B592330F-A594-4714-8CDB-5B1FEA5D45F1}.Release|Any CPU.Build.0 = Release|Any CPU
		{9C9C832E-3806-47F7-AAC9-378CCB6FF17F}.Debug|Any CPU.ActiveCfg = Debug|Any CPU
		{9C9C832E-3806-47F7-AAC9-378CCB6FF17F}.Debug|Any CPU.Build.0 = Debug|Any CPU
		{9C9C832E-3806-47F7-AAC9-378CCB6FF17F}.Release|Any CPU.ActiveCfg = Release|Any CPU
		{9C9C832E-3806-47F7-AAC9-378CCB6FF17F}.Release|Any CPU.Build.0 = Release|Any CPU
	EndGlobalSection
	GlobalSection(SolutionProperties) = preSolution
		HideSolutionNode = FALSE
	EndGlobalSection
	GlobalSection(NestedProjects) = preSolution
		{BDCF748B-E350-4E09-9C00-DAFA147EB113} = {57070390-8225-4248-9F14-12AA3D499734}
		{493AE12C-9544-4D84-85D1-2E1B74AA8782} = {F5635A56-3B0C-463F-83D3-5E84B85A5E58}
		{B592330F-A594-4714-8CDB-5B1FEA5D45F1} = {F5635A56-3B0C-463F-83D3-5E84B85A5E58}
		{9C9C832E-3806-47F7-AAC9-378CCB6FF17F} = {57070390-8225-4248-9F14-12AA3D499734}
	EndGlobalSection
	GlobalSection(ExtensibilityGlobals) = postSolution
		SolutionGuid = {507D5781-CC0B-496C-A33A-9F2BA360AAB8}
	EndGlobalSection
EndGlobal
